
Microsoft Visual Studio Solution File, Format Version 12.00
# Visual Studio Version 17
VisualStudioVersion = 17.5.33502.453
MinimumVisualStudioVersion = 10.0.40219.1
Project("{FAE04EC0-301F-11D3-BF4B-00C04F79EFBC}") = "is_prime_check", "is_prime_check\is_prime_check.csproj", "{3BEA5D72-AD93-4D57-BE1D-E98D09A83390}"
EndProject
Project("{FAE04EC0-301F-11D3-BF4B-00C04F79EFBC}") = "calculator", "Calculator\calculator.csproj", "{90F54CDE-C4CE-4927-B1AD-58F3721D07A6}"
EndProject
Global
	GlobalSection(SolutionConfigurationPlatforms) = preSolution
		Debug|Any CPU = Debug|Any CPU
		Release|Any CPU = Release|Any CPU
	EndGlobalSection
	GlobalSection(ProjectConfigurationPlatforms) = postSolution
		{3BEA5D72-AD93-4D57-BE1D-E98D09A83390}.Debug|Any CPU.ActiveCfg = Debug|Any CPU
		{3BEA5D72-AD93-4D57-BE1D-E98D09A83390}.Debug|Any CPU.Build.0 = Debug|Any CPU
		{3BEA5D72-AD93-4D57-BE1D-E98D09A83390}.Release|Any CPU.ActiveCfg = Release|Any CPU
		{3BEA5D72-AD93-4D57-BE1D-E98D09A83390}.Release|Any CPU.Build.0 = Release|Any CPU
		{90F54CDE-C4CE-4927-B1AD-58F3721D07A6}.Debug|Any CPU.ActiveCfg = Debug|Any CPU
		{90F54CDE-C4CE-4927-B1AD-58F3721D07A6}.Debug|Any CPU.Build.0 = Debug|Any CPU
		{90F54CDE-C4CE-4927-B1AD-58F3721D07A6}.Release|Any CPU.ActiveCfg = Release|Any CPU
		{90F54CDE-C4CE-4927-B1AD-58F3721D07A6}.Release|Any CPU.Build.0 = Release|Any CPU
	EndGlobalSection
	GlobalSection(SolutionProperties) = preSolution
		HideSolutionNode = FALSE
	EndGlobalSection
	GlobalSection(ExtensibilityGlobals) = postSolution
		SolutionGuid = {222276C4-3F1F-4CA4-B45C-C569046B7D84}
	EndGlobalSection
EndGlobal
